{
    "version": 3,
    "terraform_version": "0.11.3",
    "serial": 6,
    "lineage": "9a71b617-367d-4c22-bc5d-9496a3d0e5a9",
    "modules": [
        {
            "path": [
                "root"
            ],
            "outputs": {},
            "resources": {
                "azurerm_managed_disk.app1.0": {
                    "type": "azurerm_managed_disk",
                    "depends_on": [
                        "azurerm_resource_group.resource_gp"
                    ],
                    "primary": {
                        "id": "/subscriptions/c0a607b2-6372-4ef3-abdb-dbe52a7b56ba/resourceGroups/defaultapp-rg/providers/Microsoft.Compute/disks/datadisk_1",
                        "attributes": {
                            "create_option": "Empty",
                            "disk_size_gb": "500",
                            "id": "/subscriptions/c0a607b2-6372-4ef3-abdb-dbe52a7b56ba/resourceGroups/defaultapp-rg/providers/Microsoft.Compute/disks/datadisk_1",
                            "location": "westus",
                            "name": "datadisk_1",
                            "resource_group_name": "defaultapp-rg",
                            "storage_account_type": "Standard_LRS",
                            "tags.%": "0"
                        },
                        "meta": {},
                        "tainted": false
                    },
                    "deposed": [],
                    "provider": "provider.azurerm"
                },
                "azurerm_managed_disk.app1.1": {
                    "type": "azurerm_managed_disk",
                    "depends_on": [
                        "azurerm_resource_group.resource_gp"
                    ],
                    "primary": {
                        "id": "/subscriptions/c0a607b2-6372-4ef3-abdb-dbe52a7b56ba/resourceGroups/defaultapp-rg/providers/Microsoft.Compute/disks/datadisk_2",
                        "attributes": {
                            "create_option": "Empty",
                            "disk_size_gb": "500",
                            "id": "/subscriptions/c0a607b2-6372-4ef3-abdb-dbe52a7b56ba/resourceGroups/defaultapp-rg/providers/Microsoft.Compute/disks/datadisk_2",
                            "location": "westus",
                            "name": "datadisk_2",
                            "resource_group_name": "defaultapp-rg",
                            "storage_account_type": "Standard_LRS",
                            "tags.%": "0"
                        },
                        "meta": {},
                        "tainted": false
                    },
                    "deposed": [],
                    "provider": "provider.azurerm"
                },
                "azurerm_resource_group.resource_gp": {
                    "type": "azurerm_resource_group",
                    "depends_on": [],
                    "primary": {
                        "id": "/subscriptions/c0a607b2-6372-4ef3-abdb-dbe52a7b56ba/resourceGroups/defaultapp-rg",
                        "attributes": {
                            "id": "/subscriptions/c0a607b2-6372-4ef3-abdb-dbe52a7b56ba/resourceGroups/defaultapp-rg",
                            "location": "westus",
                            "name": "defaultapp-rg",
                            "tags.%": "0"
                        },
                        "meta": {},
                        "tainted": false
                    },
                    "deposed": [],
                    "provider": "provider.azurerm"
                },
                "azurerm_subnet.test.1": {
                    "type": "azurerm_subnet",
                    "depends_on": [
                        "azurerm_resource_group.resource_gp",
                        "azurerm_virtual_network.network"
                    ],
                    "primary": {
                        "id": "/subscriptions/c0a607b2-6372-4ef3-abdb-dbe52a7b56ba/resourceGroups/defaultapp-rg/providers/Microsoft.Network/virtualNetworks/defaultapp-network/subnets/testsubnet",
                        "attributes": {
                            "address_prefix": "10.0.1.0/24",
                            "id": "/subscriptions/c0a607b2-6372-4ef3-abdb-dbe52a7b56ba/resourceGroups/defaultapp-rg/providers/Microsoft.Network/virtualNetworks/defaultapp-network/subnets/testsubnet",
                            "ip_configurations.#": "2",
                            "ip_configurations.483425847": "/subscriptions/c0a607b2-6372-4ef3-abdb-dbe52a7b56ba/resourceGroups/defaultapp-rg/providers/Microsoft.Network/networkInterfaces/networkinterface-1/ipConfigurations/ipconfig-1",
                            "ip_configurations.550585569": "/subscriptions/c0a607b2-6372-4ef3-abdb-dbe52a7b56ba/resourceGroups/defaultapp-rg/providers/Microsoft.Network/networkInterfaces/networkinterface-2/ipConfigurations/ipconfig-2",
                            "name": "testsubnet",
                            "resource_group_name": "defaultapp-rg",
                            "service_endpoints.#": "0",
                            "virtual_network_name": "defaultapp-network"
                        },
                        "meta": {},
                        "tainted": false
                    },
                    "deposed": [],
                    "provider": "provider.azurerm"
                },
                "azurerm_virtual_network.network": {
                    "type": "azurerm_virtual_network",
                    "depends_on": [
                        "azurerm_resource_group.resource_gp"
                    ],
                    "primary": {
                        "id": "/subscriptions/c0a607b2-6372-4ef3-abdb-dbe52a7b56ba/resourceGroups/defaultapp-rg/providers/Microsoft.Network/virtualNetworks/defaultapp-network",
                        "attributes": {
                            "address_space.#": "1",
                            "address_space.0": "10.0.0.0/16",
                            "dns_servers.#": "0",
                            "id": "/subscriptions/c0a607b2-6372-4ef3-abdb-dbe52a7b56ba/resourceGroups/defaultapp-rg/providers/Microsoft.Network/virtualNetworks/defaultapp-network",
                            "location": "westus",
                            "name": "defaultapp-network",
                            "resource_group_name": "defaultapp-rg",
                            "subnet.#": "1",
                            "subnet.47954815.address_prefix": "10.0.1.0/24",
                            "subnet.47954815.name": "testsubnet",
                            "subnet.47954815.security_group": "",
                            "tags.%": "0"
                        },
                        "meta": {},
                        "tainted": false
                    },
                    "deposed": [],
                    "provider": "provider.azurerm"
                }
            },
            "depends_on": []
        }
    ]
}
