{
    "version": 3,
    "terraform_version": "0.11.3",
    "serial": 5,
    "lineage": "ea60e09e-0a31-45e6-bdf9-89aed99b1c08",
    "modules": [
        {
            "path": [
                "root"
            ],
            "outputs": {},
            "resources": {},
            "depends_on": []
        },
        {
            "path": [
                "root",
                "linuxservers"
            ],
            "outputs": {
                "availability_set_id": {
                    "sensitive": false,
                    "type": "string",
                    "value": "/subscriptions/c0a607b2-6372-4ef3-abdb-dbe52a7b56ba/resourceGroups/azc-rg/providers/Microsoft.Compute/availabilitySets/myvm-avset"
                },
                "network_interface_ids": {
                    "sensitive": false,
                    "type": "list",
                    "value": [
                        "/subscriptions/c0a607b2-6372-4ef3-abdb-dbe52a7b56ba/resourceGroups/azc-rg/providers/Microsoft.Network/networkInterfaces/nic-myvm-0",
                        "/subscriptions/c0a607b2-6372-4ef3-abdb-dbe52a7b56ba/resourceGroups/azc-rg/providers/Microsoft.Network/networkInterfaces/nic-myvm-1"
                    ]
                },
                "network_interface_private_ip": {
                    "sensitive": false,
                    "type": "list",
                    "value": [
                        "10.0.1.5",
                        "10.0.1.4"
                    ]
                },
                "network_security_group_id": {
                    "sensitive": false,
                    "type": "string",
                    "value": "/subscriptions/c0a607b2-6372-4ef3-abdb-dbe52a7b56ba/resourceGroups/azc-rg/providers/Microsoft.Network/networkSecurityGroups/myvm-22-nsg"
                },
                "public_ip_address": {
                    "sensitive": false,
                    "type": "list",
                    "value": [
                        "104.42.225.129"
                    ]
                },
                "public_ip_dns_name": {
                    "sensitive": false,
                    "type": "list",
                    "value": [
                        "linsimplevmips2.westus.cloudapp.azure.com"
                    ]
                },
                "public_ip_id": {
                    "sensitive": false,
                    "type": "list",
                    "value": [
                        "/subscriptions/c0a607b2-6372-4ef3-abdb-dbe52a7b56ba/resourceGroups/azc-rg/providers/Microsoft.Network/publicIPAddresses/myvm-0-publicIP"
                    ]
                },
                "vm_ids": {
                    "sensitive": false,
                    "type": "list",
                    "value": [
                        "/subscriptions/c0a607b2-6372-4ef3-abdb-dbe52a7b56ba/resourceGroups/azc-rg/providers/Microsoft.Compute/virtualMachines/myvm0",
                        "/subscriptions/c0a607b2-6372-4ef3-abdb-dbe52a7b56ba/resourceGroups/azc-rg/providers/Microsoft.Compute/virtualMachines/myvm1"
                    ]
                }
            },
            "resources": {
                "azurerm_availability_set.vm": {
                    "type": "azurerm_availability_set",
                    "depends_on": [
                        "azurerm_resource_group.vm"
                    ],
                    "primary": {
                        "id": "/subscriptions/c0a607b2-6372-4ef3-abdb-dbe52a7b56ba/resourceGroups/azc-rg/providers/Microsoft.Compute/availabilitySets/myvm-avset",
                        "attributes": {
                            "id": "/subscriptions/c0a607b2-6372-4ef3-abdb-dbe52a7b56ba/resourceGroups/azc-rg/providers/Microsoft.Compute/availabilitySets/myvm-avset",
                            "location": "westus",
                            "managed": "true",
                            "name": "myvm-avset",
                            "platform_fault_domain_count": "2",
                            "platform_update_domain_count": "2",
                            "resource_group_name": "azc-rg",
                            "tags.%": "0"
                        },
                        "meta": {},
                        "tainted": false
                    },
                    "deposed": [],
                    "provider": "module.linuxservers.provider.azurerm"
                },
                "azurerm_network_interface.vm.0": {
                    "type": "azurerm_network_interface",
                    "depends_on": [
                        "azurerm_network_security_group.vm",
                        "azurerm_public_ip.vm.*",
                        "azurerm_resource_group.vm"
                    ],
                    "primary": {
                        "id": "/subscriptions/c0a607b2-6372-4ef3-abdb-dbe52a7b56ba/resourceGroups/azc-rg/providers/Microsoft.Network/networkInterfaces/nic-myvm-0",
                        "attributes": {
                            "applied_dns_servers.#": "0",
                            "dns_servers.#": "0",
                            "enable_ip_forwarding": "false",
                            "id": "/subscriptions/c0a607b2-6372-4ef3-abdb-dbe52a7b56ba/resourceGroups/azc-rg/providers/Microsoft.Network/networkInterfaces/nic-myvm-0",
                            "internal_dns_name_label": "",
                            "ip_configuration.#": "1",
                            "ip_configuration.0.load_balancer_backend_address_pools_ids.#": "0",
                            "ip_configuration.0.load_balancer_inbound_nat_rules_ids.#": "0",
                            "ip_configuration.0.name": "ipconfig0",
                            "ip_configuration.0.primary": "true",
                            "ip_configuration.0.private_ip_address": "",
                            "ip_configuration.0.private_ip_address_allocation": "dynamic",
                            "ip_configuration.0.public_ip_address_id": "/subscriptions/c0a607b2-6372-4ef3-abdb-dbe52a7b56ba/resourceGroups/azc-rg/providers/Microsoft.Network/publicIPAddresses/myvm-0-publicIP",
                            "ip_configuration.0.subnet_id": "/subscriptions/c0a607b2-6372-4ef3-abdb-dbe52a7b56ba/resourceGroups/azc-rg/providers/Microsoft.Network/virtualNetworks/acctvnet/subnets/subnet1",
                            "location": "westus",
                            "mac_address": "00-0D-3A-33-95-08",
                            "name": "nic-myvm-0",
                            "network_security_group_id": "/subscriptions/c0a607b2-6372-4ef3-abdb-dbe52a7b56ba/resourceGroups/azc-rg/providers/Microsoft.Network/networkSecurityGroups/myvm-22-nsg",
                            "private_ip_address": "10.0.1.5",
                            "private_ip_addresses.#": "1",
                            "private_ip_addresses.0": "10.0.1.5",
                            "resource_group_name": "azc-rg",
                            "tags.%": "0",
                            "virtual_machine_id": "/subscriptions/c0a607b2-6372-4ef3-abdb-dbe52a7b56ba/resourceGroups/azc-rg/providers/Microsoft.Compute/virtualMachines/myvm0"
                        },
                        "meta": {},
                        "tainted": false
                    },
                    "deposed": [],
                    "provider": "module.linuxservers.provider.azurerm"
                },
                "azurerm_network_interface.vm.1": {
                    "type": "azurerm_network_interface",
                    "depends_on": [
                        "azurerm_network_security_group.vm",
                        "azurerm_public_ip.vm.*",
                        "azurerm_resource_group.vm"
                    ],
                    "primary": {
                        "id": "/subscriptions/c0a607b2-6372-4ef3-abdb-dbe52a7b56ba/resourceGroups/azc-rg/providers/Microsoft.Network/networkInterfaces/nic-myvm-1",
                        "attributes": {
                            "applied_dns_servers.#": "0",
                            "dns_servers.#": "0",
                            "enable_ip_forwarding": "false",
                            "id": "/subscriptions/c0a607b2-6372-4ef3-abdb-dbe52a7b56ba/resourceGroups/azc-rg/providers/Microsoft.Network/networkInterfaces/nic-myvm-1",
                            "internal_dns_name_label": "",
                            "ip_configuration.#": "1",
                            "ip_configuration.0.load_balancer_backend_address_pools_ids.#": "0",
                            "ip_configuration.0.load_balancer_inbound_nat_rules_ids.#": "0",
                            "ip_configuration.0.name": "ipconfig1",
                            "ip_configuration.0.primary": "true",
                            "ip_configuration.0.private_ip_address": "",
                            "ip_configuration.0.private_ip_address_allocation": "dynamic",
                            "ip_configuration.0.public_ip_address_id": "",
                            "ip_configuration.0.subnet_id": "/subscriptions/c0a607b2-6372-4ef3-abdb-dbe52a7b56ba/resourceGroups/azc-rg/providers/Microsoft.Network/virtualNetworks/acctvnet/subnets/subnet1",
                            "location": "westus",
                            "mac_address": "00-0D-3A-33-8E-63",
                            "name": "nic-myvm-1",
                            "network_security_group_id": "/subscriptions/c0a607b2-6372-4ef3-abdb-dbe52a7b56ba/resourceGroups/azc-rg/providers/Microsoft.Network/networkSecurityGroups/myvm-22-nsg",
                            "private_ip_address": "10.0.1.4",
                            "private_ip_addresses.#": "1",
                            "private_ip_addresses.0": "10.0.1.4",
                            "resource_group_name": "azc-rg",
                            "tags.%": "0",
                            "virtual_machine_id": "/subscriptions/c0a607b2-6372-4ef3-abdb-dbe52a7b56ba/resourceGroups/azc-rg/providers/Microsoft.Compute/virtualMachines/myvm1"
                        },
                        "meta": {},
                        "tainted": false
                    },
                    "deposed": [],
                    "provider": "module.linuxservers.provider.azurerm"
                },
                "azurerm_network_security_group.vm": {
                    "type": "azurerm_network_security_group",
                    "depends_on": [
                        "azurerm_resource_group.vm",
                        "module.os"
                    ],
                    "primary": {
                        "id": "/subscriptions/c0a607b2-6372-4ef3-abdb-dbe52a7b56ba/resourceGroups/azc-rg/providers/Microsoft.Network/networkSecurityGroups/myvm-22-nsg",
                        "attributes": {
                            "id": "/subscriptions/c0a607b2-6372-4ef3-abdb-dbe52a7b56ba/resourceGroups/azc-rg/providers/Microsoft.Network/networkSecurityGroups/myvm-22-nsg",
                            "location": "westus",
                            "name": "myvm-22-nsg",
                            "resource_group_name": "azc-rg",
                            "security_rule.#": "1",
                            "security_rule.0.access": "Allow",
                            "security_rule.0.description": "Allow remote protocol in from all locations",
                            "security_rule.0.destination_address_prefix": "*",
                            "security_rule.0.destination_port_range": "22",
                            "security_rule.0.direction": "Inbound",
                            "security_rule.0.name": "allow_remote_22_in_all",
                            "security_rule.0.priority": "100",
                            "security_rule.0.protocol": "Tcp",
                            "security_rule.0.source_address_prefix": "*",
                            "security_rule.0.source_port_range": "*",
                            "tags.%": "0"
                        },
                        "meta": {},
                        "tainted": false
                    },
                    "deposed": [],
                    "provider": "module.linuxservers.provider.azurerm"
                },
                "azurerm_public_ip.vm": {
                    "type": "azurerm_public_ip",
                    "depends_on": [
                        "azurerm_resource_group.vm"
                    ],
                    "primary": {
                        "id": "/subscriptions/c0a607b2-6372-4ef3-abdb-dbe52a7b56ba/resourceGroups/azc-rg/providers/Microsoft.Network/publicIPAddresses/myvm-0-publicIP",
                        "attributes": {
                            "domain_name_label": "linsimplevmips2",
                            "fqdn": "linsimplevmips2.westus.cloudapp.azure.com",
                            "id": "/subscriptions/c0a607b2-6372-4ef3-abdb-dbe52a7b56ba/resourceGroups/azc-rg/providers/Microsoft.Network/publicIPAddresses/myvm-0-publicIP",
                            "ip_address": "104.42.225.129",
                            "location": "westus",
                            "name": "myvm-0-publicIP",
                            "public_ip_address_allocation": "dynamic",
                            "resource_group_name": "azc-rg",
                            "tags.%": "0"
                        },
                        "meta": {},
                        "tainted": false
                    },
                    "deposed": [],
                    "provider": "module.linuxservers.provider.azurerm"
                },
                "azurerm_resource_group.vm": {
                    "type": "azurerm_resource_group",
                    "depends_on": [],
                    "primary": {
                        "id": "/subscriptions/c0a607b2-6372-4ef3-abdb-dbe52a7b56ba/resourceGroups/azc-rg",
                        "attributes": {
                            "id": "/subscriptions/c0a607b2-6372-4ef3-abdb-dbe52a7b56ba/resourceGroups/azc-rg",
                            "location": "westus",
                            "name": "azc-rg",
                            "tags.%": "1",
                            "tags.source": "terraform"
                        },
                        "meta": {},
                        "tainted": false
                    },
                    "deposed": [],
                    "provider": "module.linuxservers.provider.azurerm"
                },
                "azurerm_virtual_machine.vm-linux.0": {
                    "type": "azurerm_virtual_machine",
                    "depends_on": [
                        "azurerm_availability_set.vm",
                        "azurerm_network_interface.vm.*",
                        "azurerm_resource_group.vm",
                        "azurerm_storage_account.vm-sa.*",
                        "module.os"
                    ],
                    "primary": {
                        "id": "/subscriptions/c0a607b2-6372-4ef3-abdb-dbe52a7b56ba/resourceGroups/azc-rg/providers/Microsoft.Compute/virtualMachines/myvm0",
                        "attributes": {
                            "availability_set_id": "/subscriptions/c0a607b2-6372-4ef3-abdb-dbe52a7b56ba/resourcegroups/azc-rg/providers/microsoft.compute/availabilitysets/myvm-avset",
                            "boot_diagnostics.#": "1",
                            "boot_diagnostics.0.enabled": "false",
                            "boot_diagnostics.0.storage_uri": "",
                            "delete_data_disks_on_termination": "false",
                            "delete_os_disk_on_termination": "true",
                            "id": "/subscriptions/c0a607b2-6372-4ef3-abdb-dbe52a7b56ba/resourceGroups/azc-rg/providers/Microsoft.Compute/virtualMachines/myvm0",
                            "location": "westus",
                            "name": "myvm0",
                            "network_interface_ids.#": "1",
                            "network_interface_ids.0": "/subscriptions/c0a607b2-6372-4ef3-abdb-dbe52a7b56ba/resourceGroups/azc-rg/providers/Microsoft.Network/networkInterfaces/nic-myvm-0",
                            "os_profile.#": "1",
                            "os_profile.249456377.admin_password": "",
                            "os_profile.249456377.admin_username": "azureuser",
                            "os_profile.249456377.computer_name": "myvm0",
                            "os_profile.249456377.custom_data": "",
                            "os_profile_linux_config.#": "1",
                            "os_profile_linux_config.69840937.disable_password_authentication": "true",
                            "os_profile_linux_config.69840937.ssh_keys.#": "1",
                            "os_profile_linux_config.69840937.ssh_keys.0.key_data": "ssh-rsa AAAAB3NzaC1yc2EAAAADAQABAAABAQDExF+J9SPtMCrIw3kKMSzcEO/2a1Jg9oeu456/KV52UtuqIe5WSex3paH2uZa50bhbGnIIRC2tZ5J4VHb+X+ON2RcePYPLpS+00d/dqp9rEOeUYyLLXJyNpFMGEzoTIhIkREhfAeRLrXCzMKCvi+wtN/I+pnne2ZDmAIL/90Yr0/Op4xxBeAsbfhX5EgQJlwomnGT95U5QGsphgnvIhPsrOA8VRLCF7g+vdOF1fKxS9dmfOdhui2lFEQk2+9QZP7B5u5PepoNXPxYYWMgO1T/Y5FHw254a4hies43i5GRIfFwX5JLGRDuhqrl0dtsGIr/KPezYvGnw4x5ALdHzKQt3 adam@Adams-MacBook-Pro-2.local\n",
                            "os_profile_linux_config.69840937.ssh_keys.0.path": "/home/azureuser/.ssh/authorized_keys",
                            "os_profile_secrets.#": "0",
                            "resource_group_name": "azc-rg",
                            "storage_data_disk.#": "0",
                            "storage_image_reference.#": "1",
                            "storage_image_reference.1458860473.id": "",
                            "storage_image_reference.1458860473.offer": "UbuntuServer",
                            "storage_image_reference.1458860473.publisher": "Canonical",
                            "storage_image_reference.1458860473.sku": "16.04-LTS",
                            "storage_image_reference.1458860473.version": "latest",
                            "storage_os_disk.#": "1",
                            "storage_os_disk.0.caching": "ReadWrite",
                            "storage_os_disk.0.create_option": "FromImage",
                            "storage_os_disk.0.disk_size_gb": "30",
                            "storage_os_disk.0.image_uri": "",
                            "storage_os_disk.0.managed_disk_id": "/subscriptions/c0a607b2-6372-4ef3-abdb-dbe52a7b56ba/resourceGroups/azc-rg/providers/Microsoft.Compute/disks/osdisk-myvm-0",
                            "storage_os_disk.0.managed_disk_type": "Premium_LRS",
                            "storage_os_disk.0.name": "osdisk-myvm-0",
                            "storage_os_disk.0.os_type": "Linux",
                            "storage_os_disk.0.vhd_uri": "",
                            "tags.%": "1",
                            "tags.source": "terraform",
                            "vm_size": "Standard_DS1_V2"
                        },
                        "meta": {},
                        "tainted": false
                    },
                    "deposed": [],
                    "provider": "module.linuxservers.provider.azurerm"
                },
                "azurerm_virtual_machine.vm-linux.1": {
                    "type": "azurerm_virtual_machine",
                    "depends_on": [
                        "azurerm_availability_set.vm",
                        "azurerm_network_interface.vm.*",
                        "azurerm_resource_group.vm",
                        "azurerm_storage_account.vm-sa.*",
                        "module.os"
                    ],
                    "primary": {
                        "id": "/subscriptions/c0a607b2-6372-4ef3-abdb-dbe52a7b56ba/resourceGroups/azc-rg/providers/Microsoft.Compute/virtualMachines/myvm1",
                        "attributes": {
                            "availability_set_id": "/subscriptions/c0a607b2-6372-4ef3-abdb-dbe52a7b56ba/resourcegroups/azc-rg/providers/microsoft.compute/availabilitysets/myvm-avset",
                            "boot_diagnostics.#": "1",
                            "boot_diagnostics.0.enabled": "false",
                            "boot_diagnostics.0.storage_uri": "",
                            "delete_data_disks_on_termination": "false",
                            "delete_os_disk_on_termination": "true",
                            "id": "/subscriptions/c0a607b2-6372-4ef3-abdb-dbe52a7b56ba/resourceGroups/azc-rg/providers/Microsoft.Compute/virtualMachines/myvm1",
                            "location": "westus",
                            "name": "myvm1",
                            "network_interface_ids.#": "1",
                            "network_interface_ids.0": "/subscriptions/c0a607b2-6372-4ef3-abdb-dbe52a7b56ba/resourceGroups/azc-rg/providers/Microsoft.Network/networkInterfaces/nic-myvm-1",
                            "os_profile.#": "1",
                            "os_profile.398809016.admin_password": "",
                            "os_profile.398809016.admin_username": "azureuser",
                            "os_profile.398809016.computer_name": "myvm1",
                            "os_profile.398809016.custom_data": "",
                            "os_profile_linux_config.#": "1",
                            "os_profile_linux_config.69840937.disable_password_authentication": "true",
                            "os_profile_linux_config.69840937.ssh_keys.#": "1",
                            "os_profile_linux_config.69840937.ssh_keys.0.key_data": "ssh-rsa AAAAB3NzaC1yc2EAAAADAQABAAABAQDExF+J9SPtMCrIw3kKMSzcEO/2a1Jg9oeu456/KV52UtuqIe5WSex3paH2uZa50bhbGnIIRC2tZ5J4VHb+X+ON2RcePYPLpS+00d/dqp9rEOeUYyLLXJyNpFMGEzoTIhIkREhfAeRLrXCzMKCvi+wtN/I+pnne2ZDmAIL/90Yr0/Op4xxBeAsbfhX5EgQJlwomnGT95U5QGsphgnvIhPsrOA8VRLCF7g+vdOF1fKxS9dmfOdhui2lFEQk2+9QZP7B5u5PepoNXPxYYWMgO1T/Y5FHw254a4hies43i5GRIfFwX5JLGRDuhqrl0dtsGIr/KPezYvGnw4x5ALdHzKQt3 adam@Adams-MacBook-Pro-2.local\n",
                            "os_profile_linux_config.69840937.ssh_keys.0.path": "/home/azureuser/.ssh/authorized_keys",
                            "os_profile_secrets.#": "0",
                            "resource_group_name": "azc-rg",
                            "storage_data_disk.#": "0",
                            "storage_image_reference.#": "1",
                            "storage_image_reference.1458860473.id": "",
                            "storage_image_reference.1458860473.offer": "UbuntuServer",
                            "storage_image_reference.1458860473.publisher": "Canonical",
                            "storage_image_reference.1458860473.sku": "16.04-LTS",
                            "storage_image_reference.1458860473.version": "latest",
                            "storage_os_disk.#": "1",
                            "storage_os_disk.0.caching": "ReadWrite",
                            "storage_os_disk.0.create_option": "FromImage",
                            "storage_os_disk.0.disk_size_gb": "30",
                            "storage_os_disk.0.image_uri": "",
                            "storage_os_disk.0.managed_disk_id": "/subscriptions/c0a607b2-6372-4ef3-abdb-dbe52a7b56ba/resourceGroups/azc-rg/providers/Microsoft.Compute/disks/osdisk-myvm-1",
                            "storage_os_disk.0.managed_disk_type": "Premium_LRS",
                            "storage_os_disk.0.name": "osdisk-myvm-1",
                            "storage_os_disk.0.os_type": "Linux",
                            "storage_os_disk.0.vhd_uri": "",
                            "tags.%": "1",
                            "tags.source": "terraform",
                            "vm_size": "Standard_DS1_V2"
                        },
                        "meta": {},
                        "tainted": false
                    },
                    "deposed": [],
                    "provider": "module.linuxservers.provider.azurerm"
                },
                "random_id.vm-sa": {
                    "type": "random_id",
                    "depends_on": [],
                    "primary": {
                        "id": "xmlg9opA",
                        "attributes": {
                            "b64": "xmlg9opA",
                            "b64_std": "xmlg9opA",
                            "b64_url": "xmlg9opA",
                            "byte_length": "6",
                            "dec": "218155900635712",
                            "hex": "c66960f68a40",
                            "id": "xmlg9opA",
                            "keepers.%": "1",
                            "keepers.vm_hostname": "myvm"
                        },
                        "meta": {},
                        "tainted": false
                    },
                    "deposed": [],
                    "provider": "module.linuxservers.provider.random"
                }
            },
            "depends_on": []
        },
        {
            "path": [
                "root",
                "network"
            ],
            "outputs": {
                "security_group_id": {
                    "sensitive": false,
                    "type": "string",
                    "value": "/subscriptions/c0a607b2-6372-4ef3-abdb-dbe52a7b56ba/resourceGroups/azc-rg/providers/Microsoft.Network/networkSecurityGroups/acctsecgrp"
                },
                "vnet_address_space": {
                    "sensitive": false,
                    "type": "list",
                    "value": [
                        "10.0.0.0/16"
                    ]
                },
                "vnet_id": {
                    "sensitive": false,
                    "type": "string",
                    "value": "/subscriptions/c0a607b2-6372-4ef3-abdb-dbe52a7b56ba/resourceGroups/azc-rg/providers/Microsoft.Network/virtualNetworks/acctvnet"
                },
                "vnet_location": {
                    "sensitive": false,
                    "type": "string",
                    "value": "westus"
                },
                "vnet_name": {
                    "sensitive": false,
                    "type": "string",
                    "value": "acctvnet"
                },
                "vnet_subnets": {
                    "sensitive": false,
                    "type": "list",
                    "value": [
                        "/subscriptions/c0a607b2-6372-4ef3-abdb-dbe52a7b56ba/resourceGroups/azc-rg/providers/Microsoft.Network/virtualNetworks/acctvnet/subnets/subnet1"
                    ]
                }
            },
            "resources": {
                "azurerm_network_security_group.security_group": {
                    "type": "azurerm_network_security_group",
                    "depends_on": [
                        "azurerm_resource_group.network"
                    ],
                    "primary": {
                        "id": "/subscriptions/c0a607b2-6372-4ef3-abdb-dbe52a7b56ba/resourceGroups/azc-rg/providers/Microsoft.Network/networkSecurityGroups/acctsecgrp",
                        "attributes": {
                            "id": "/subscriptions/c0a607b2-6372-4ef3-abdb-dbe52a7b56ba/resourceGroups/azc-rg/providers/Microsoft.Network/networkSecurityGroups/acctsecgrp",
                            "location": "westus",
                            "name": "acctsecgrp",
                            "resource_group_name": "azc-rg",
                            "security_rule.#": "1",
                            "security_rule.0.access": "Allow",
                            "security_rule.0.description": "",
                            "security_rule.0.destination_address_prefix": "*",
                            "security_rule.0.destination_port_range": "22",
                            "security_rule.0.direction": "Inbound",
                            "security_rule.0.name": "ssh",
                            "security_rule.0.priority": "102",
                            "security_rule.0.protocol": "Tcp",
                            "security_rule.0.source_address_prefix": "*",
                            "security_rule.0.source_port_range": "*",
                            "tags.%": "2",
                            "tags.tag1": "",
                            "tags.tag2": ""
                        },
                        "meta": {},
                        "tainted": false
                    },
                    "deposed": [],
                    "provider": "provider.azurerm"
                },
                "azurerm_network_security_rule.security_rule_ssh": {
                    "type": "azurerm_network_security_rule",
                    "depends_on": [
                        "azurerm_network_security_group.security_group",
                        "azurerm_resource_group.network"
                    ],
                    "primary": {
                        "id": "/subscriptions/c0a607b2-6372-4ef3-abdb-dbe52a7b56ba/resourceGroups/azc-rg/providers/Microsoft.Network/networkSecurityGroups/acctsecgrp/securityRules/ssh",
                        "attributes": {
                            "access": "Allow",
                            "description": "",
                            "destination_address_prefix": "*",
                            "destination_port_range": "22",
                            "direction": "Inbound",
                            "id": "/subscriptions/c0a607b2-6372-4ef3-abdb-dbe52a7b56ba/resourceGroups/azc-rg/providers/Microsoft.Network/networkSecurityGroups/acctsecgrp/securityRules/ssh",
                            "name": "ssh",
                            "network_security_group_name": "acctsecgrp",
                            "priority": "102",
                            "protocol": "Tcp",
                            "resource_group_name": "azc-rg",
                            "source_address_prefix": "*",
                            "source_port_range": "*"
                        },
                        "meta": {},
                        "tainted": false
                    },
                    "deposed": [],
                    "provider": "provider.azurerm"
                },
                "azurerm_resource_group.network": {
                    "type": "azurerm_resource_group",
                    "depends_on": [],
                    "primary": {
                        "id": "/subscriptions/c0a607b2-6372-4ef3-abdb-dbe52a7b56ba/resourceGroups/azc-rg",
                        "attributes": {
                            "id": "/subscriptions/c0a607b2-6372-4ef3-abdb-dbe52a7b56ba/resourceGroups/azc-rg",
                            "location": "westus",
                            "name": "azc-rg",
                            "tags.%": "1",
                            "tags.source": "terraform"
                        },
                        "meta": {},
                        "tainted": false
                    },
                    "deposed": [],
                    "provider": "provider.azurerm"
                },
                "azurerm_subnet.subnet": {
                    "type": "azurerm_subnet",
                    "depends_on": [
                        "azurerm_network_security_group.security_group",
                        "azurerm_resource_group.network",
                        "azurerm_virtual_network.vnet"
                    ],
                    "primary": {
                        "id": "/subscriptions/c0a607b2-6372-4ef3-abdb-dbe52a7b56ba/resourceGroups/azc-rg/providers/Microsoft.Network/virtualNetworks/acctvnet/subnets/subnet1",
                        "attributes": {
                            "address_prefix": "10.0.1.0/24",
                            "id": "/subscriptions/c0a607b2-6372-4ef3-abdb-dbe52a7b56ba/resourceGroups/azc-rg/providers/Microsoft.Network/virtualNetworks/acctvnet/subnets/subnet1",
                            "ip_configurations.#": "2",
                            "ip_configurations.2548646051": "/subscriptions/c0a607b2-6372-4ef3-abdb-dbe52a7b56ba/resourceGroups/azc-rg/providers/Microsoft.Network/networkInterfaces/nic-myvm-1/ipConfigurations/ipconfig1",
                            "ip_configurations.3780873512": "/subscriptions/c0a607b2-6372-4ef3-abdb-dbe52a7b56ba/resourceGroups/azc-rg/providers/Microsoft.Network/networkInterfaces/nic-myvm-0/ipConfigurations/ipconfig0",
                            "name": "subnet1",
                            "network_security_group_id": "/subscriptions/c0a607b2-6372-4ef3-abdb-dbe52a7b56ba/resourceGroups/azc-rg/providers/Microsoft.Network/networkSecurityGroups/acctsecgrp",
                            "resource_group_name": "azc-rg",
                            "virtual_network_name": "acctvnet"
                        },
                        "meta": {},
                        "tainted": false
                    },
                    "deposed": [],
                    "provider": "provider.azurerm"
                },
                "azurerm_virtual_network.vnet": {
                    "type": "azurerm_virtual_network",
                    "depends_on": [
                        "azurerm_resource_group.network"
                    ],
                    "primary": {
                        "id": "/subscriptions/c0a607b2-6372-4ef3-abdb-dbe52a7b56ba/resourceGroups/azc-rg/providers/Microsoft.Network/virtualNetworks/acctvnet",
                        "attributes": {
                            "address_space.#": "1",
                            "address_space.0": "10.0.0.0/16",
                            "dns_servers.#": "0",
                            "id": "/subscriptions/c0a607b2-6372-4ef3-abdb-dbe52a7b56ba/resourceGroups/azc-rg/providers/Microsoft.Network/virtualNetworks/acctvnet",
                            "location": "westus",
                            "name": "acctvnet",
                            "resource_group_name": "azc-rg",
                            "subnet.#": "1",
                            "subnet.1893699201.address_prefix": "10.0.1.0/24",
                            "subnet.1893699201.name": "subnet1",
                            "subnet.1893699201.security_group": "/subscriptions/c0a607b2-6372-4ef3-abdb-dbe52a7b56ba/resourceGroups/azc-rg/providers/Microsoft.Network/networkSecurityGroups/acctsecgrp",
                            "tags.%": "2",
                            "tags.tag1": "",
                            "tags.tag2": ""
                        },
                        "meta": {},
                        "tainted": false
                    },
                    "deposed": [],
                    "provider": "provider.azurerm"
                }
            },
            "depends_on": []
        },
        {
            "path": [
                "root",
                "linuxservers",
                "os"
            ],
            "outputs": {
                "calculated_remote_port": {
                    "sensitive": false,
                    "type": "string",
                    "value": "22"
                },
                "calculated_value_os_offer": {
                    "sensitive": false,
                    "type": "string",
                    "value": "UbuntuServer"
                },
                "calculated_value_os_publisher": {
                    "sensitive": false,
                    "type": "string",
                    "value": "Canonical"
                },
                "calculated_value_os_sku": {
                    "sensitive": false,
                    "type": "string",
                    "value": "16.04-LTS"
                }
            },
            "resources": {},
            "depends_on": []
        }
    ]
}
