{
    "version": 3,
    "terraform_version": "0.11.3",
    "serial": 4,
    "lineage": "7176530e-36a4-478e-992b-1f0d49283647",
    "modules": [
        {
            "path": [
                "root"
            ],
            "outputs": {
                "app_subnet": {
                    "sensitive": false,
                    "type": "list",
                    "value": [
                        "subnet-b089c9d7",
                        "subnet-538e1308"
                    ]
                },
                "cidr_block": {
                    "sensitive": false,
                    "type": "string",
                    "value": "10.0.0.0/16"
                },
                "ip_address": {
                    "sensitive": false,
                    "type": "list",
                    "value": [
                        "10.0.0.122",
                        "10.0.1.190"
                    ]
                }
            },
            "resources": {
                "aws_instance.server.0": {
                    "type": "aws_instance",
                    "depends_on": [
                        "aws_subnet.sub.*"
                    ],
                    "primary": {
                        "id": "i-078e1ae9ab3cfdb6a",
                        "attributes": {
                            "ami": "ami-154f4a75",
                            "associate_public_ip_address": "false",
                            "availability_zone": "us-west-1a",
                            "disable_api_termination": "false",
                            "ebs_block_device.#": "0",
                            "ebs_optimized": "false",
                            "ephemeral_block_device.#": "0",
                            "iam_instance_profile": "",
                            "id": "i-078e1ae9ab3cfdb6a",
                            "instance_state": "running",
                            "instance_type": "t2.micro",
                            "ipv6_addresses.#": "0",
                            "key_name": "",
                            "monitoring": "false",
                            "network_interface.#": "0",
                            "network_interface_id": "eni-b71e7599",
                            "placement_group": "",
                            "primary_network_interface_id": "eni-b71e7599",
                            "private_dns": "ip-10-0-0-122.us-west-1.compute.internal",
                            "private_ip": "10.0.0.122",
                            "public_dns": "",
                            "public_ip": "",
                            "root_block_device.#": "1",
                            "root_block_device.0.delete_on_termination": "true",
                            "root_block_device.0.iops": "100",
                            "root_block_device.0.volume_id": "vol-090be5a53f7255332",
                            "root_block_device.0.volume_size": "8",
                            "root_block_device.0.volume_type": "gp2",
                            "security_groups.#": "0",
                            "source_dest_check": "true",
                            "subnet_id": "subnet-b089c9d7",
                            "tags.%": "2",
                            "tags.TTL": "1",
                            "tags.owner": "Adam",
                            "tenancy": "default",
                            "volume_tags.%": "0",
                            "vpc_security_group_ids.#": "1",
                            "vpc_security_group_ids.3527568622": "sg-11304068"
                        },
                        "meta": {
                            "e2bfb730-ecaa-11e6-8f88-34363bc7c4c0": {
                                "create": 600000000000,
                                "delete": 1200000000000,
                                "update": 600000000000
                            },
                            "schema_version": "1"
                        },
                        "tainted": false
                    },
                    "deposed": [],
                    "provider": "provider.aws"
                },
                "aws_instance.server.1": {
                    "type": "aws_instance",
                    "depends_on": [
                        "aws_subnet.sub.*"
                    ],
                    "primary": {
                        "id": "i-0238d425ca405fb2c",
                        "attributes": {
                            "ami": "ami-154f4a75",
                            "associate_public_ip_address": "false",
                            "availability_zone": "us-west-1c",
                            "disable_api_termination": "false",
                            "ebs_block_device.#": "0",
                            "ebs_optimized": "false",
                            "ephemeral_block_device.#": "0",
                            "iam_instance_profile": "",
                            "id": "i-0238d425ca405fb2c",
                            "instance_state": "running",
                            "instance_type": "t2.micro",
                            "ipv6_addresses.#": "0",
                            "key_name": "",
                            "monitoring": "false",
                            "network_interface.#": "0",
                            "network_interface_id": "eni-8679ed83",
                            "placement_group": "",
                            "primary_network_interface_id": "eni-8679ed83",
                            "private_dns": "ip-10-0-1-190.us-west-1.compute.internal",
                            "private_ip": "10.0.1.190",
                            "public_dns": "",
                            "public_ip": "",
                            "root_block_device.#": "1",
                            "root_block_device.0.delete_on_termination": "true",
                            "root_block_device.0.iops": "100",
                            "root_block_device.0.volume_id": "vol-09bdcf363a10300c6",
                            "root_block_device.0.volume_size": "8",
                            "root_block_device.0.volume_type": "gp2",
                            "security_groups.#": "0",
                            "source_dest_check": "true",
                            "subnet_id": "subnet-538e1308",
                            "tags.%": "2",
                            "tags.TTL": "1",
                            "tags.owner": "Adam",
                            "tenancy": "default",
                            "volume_tags.%": "0",
                            "vpc_security_group_ids.#": "1",
                            "vpc_security_group_ids.3527568622": "sg-11304068"
                        },
                        "meta": {
                            "e2bfb730-ecaa-11e6-8f88-34363bc7c4c0": {
                                "create": 600000000000,
                                "delete": 1200000000000,
                                "update": 600000000000
                            },
                            "schema_version": "1"
                        },
                        "tainted": false
                    },
                    "deposed": [],
                    "provider": "provider.aws"
                },
                "aws_subnet.sub.0": {
                    "type": "aws_subnet",
                    "depends_on": [
                        "aws_vpc.main"
                    ],
                    "primary": {
                        "id": "subnet-b089c9d7",
                        "attributes": {
                            "assign_ipv6_address_on_creation": "false",
                            "availability_zone": "us-west-1a",
                            "cidr_block": "10.0.0.0/24",
                            "id": "subnet-b089c9d7",
                            "map_public_ip_on_launch": "false",
                            "tags.%": "2",
                            "tags.Name": "default_app-subnet-dev",
                            "tags.Owner": "AwesomeDev",
                            "vpc_id": "vpc-23982844"
                        },
                        "meta": {
                            "schema_version": "1"
                        },
                        "tainted": false
                    },
                    "deposed": [],
                    "provider": "provider.aws"
                },
                "aws_subnet.sub.1": {
                    "type": "aws_subnet",
                    "depends_on": [
                        "aws_vpc.main"
                    ],
                    "primary": {
                        "id": "subnet-538e1308",
                        "attributes": {
                            "assign_ipv6_address_on_creation": "false",
                            "availability_zone": "us-west-1c",
                            "cidr_block": "10.0.1.0/24",
                            "id": "subnet-538e1308",
                            "map_public_ip_on_launch": "false",
                            "tags.%": "2",
                            "tags.Name": "default_app-subnet-dev",
                            "tags.Owner": "AwesomeDev",
                            "vpc_id": "vpc-23982844"
                        },
                        "meta": {
                            "schema_version": "1"
                        },
                        "tainted": false
                    },
                    "deposed": [],
                    "provider": "provider.aws"
                },
                "aws_vpc.main": {
                    "type": "aws_vpc",
                    "depends_on": [],
                    "primary": {
                        "id": "vpc-23982844",
                        "attributes": {
                            "assign_generated_ipv6_cidr_block": "false",
                            "cidr_block": "10.0.0.0/16",
                            "default_network_acl_id": "acl-132c6874",
                            "default_route_table_id": "rtb-9e4b13f9",
                            "default_security_group_id": "sg-11304068",
                            "dhcp_options_id": "dopt-6be0330f",
                            "enable_classiclink": "false",
                            "enable_classiclink_dns_support": "false",
                            "enable_dns_hostnames": "false",
                            "enable_dns_support": "true",
                            "id": "vpc-23982844",
                            "instance_tenancy": "default",
                            "main_route_table_id": "rtb-9e4b13f9",
                            "tags.%": "2",
                            "tags.Name": "default_app-vpc-dev",
                            "tags.Owner": "AwesomeDev"
                        },
                        "meta": {
                            "schema_version": "1"
                        },
                        "tainted": false
                    },
                    "deposed": [],
                    "provider": "provider.aws"
                }
            },
            "depends_on": []
        }
    ]
}
